
Microsoft Visual Studio Solution File, Format Version 12.00
# Visual Studio Version 16
VisualStudioVersion = 16.0.30028.174
MinimumVisualStudioVersion = 10.0.40219.1
Project("{9A19103F-16F7-4668-BE54-9A1E7A4F7556}") = "Cryptography", "Cryptography\Cryptography.csproj", "{3F5B997C-5E27-4909-93A0-34C03CBB6EFA}"
EndProject
Global
	GlobalSection(SolutionConfigurationPlatforms) = preSolution
		Debug|Any CPU = Debug|Any CPU
		Release|Any CPU = Release|Any CPU
	EndGlobalSection
	GlobalSection(ProjectConfigurationPlatforms) = postSolution
		{3F5B997C-5E27-4909-93A0-34C03CBB6EFA}.Debug|Any CPU.ActiveCfg = Debug|Any CPU
		{3F5B997C-5E27-4909-93A0-34C03CBB6EFA}.Debug|Any CPU.Build.0 = Debug|Any CPU
		{3F5B997C-5E27-4909-93A0-34C03CBB6EFA}.Release|Any CPU.ActiveCfg = Release|Any CPU
		{3F5B997C-5E27-4909-93A0-34C03CBB6EFA}.Release|Any CPU.Build.0 = Release|Any CPU
	EndGlobalSection
	GlobalSection(SolutionProperties) = preSolution
		HideSolutionNode = FALSE
	EndGlobalSection
	GlobalSection(ExtensibilityGlobals) = postSolution
		SolutionGuid = {2E780E79-3CB9-473B-B15B-E9BC3ECC905E}
	EndGlobalSection
EndGlobal
